
Microsoft Visual Studio Solution File, Format Version 12.00
Project("{FAE04EC0-301F-11D3-BF4B-00C04F79EFBC}") = "Lab1", "Lab1\Lab1.csproj", "{B3DE25B1-C910-4BE0-9448-5BB14E26794B}"
EndProject
Global
	GlobalSection(SolutionConfigurationPlatforms) = preSolution
		Debug|Any CPU = Debug|Any CPU
		Release|Any CPU = Release|Any CPU
	EndGlobalSection
	GlobalSection(ProjectConfigurationPlatforms) = postSolution
		{B3DE25B1-C910-4BE0-9448-5BB14E26794B}.Debug|Any CPU.ActiveCfg = Debug|Any CPU
		{B3DE25B1-C910-4BE0-9448-5BB14E26794B}.Debug|Any CPU.Build.0 = Debug|Any CPU
		{B3DE25B1-C910-4BE0-9448-5BB14E26794B}.Release|Any CPU.ActiveCfg = Release|Any CPU
		{B3DE25B1-C910-4BE0-9448-5BB14E26794B}.Release|Any CPU.Build.0 = Release|Any CPU
	EndGlobalSection
EndGlobal
