Microsoft Visual Studio Solution File, Format Version 12.00
# Visual Studio Version 17
VisualStudioVersion = 17.5.2.0
MinimumVisualStudioVersion = 10.0.40219.1
Project("{FAE04EC0-301F-11D3-BF4B-00C04F79EFBC}") = "projekt-bank", "projekt-bank.csproj", "{2CCDA186-E21A-2829-E791-986FD144C626}"
EndProject
Global
	GlobalSection(SolutionConfigurationPlatforms) = preSolution
		Debug|Any CPU = Debug|Any CPU
		Release|Any CPU = Release|Any CPU
	EndGlobalSection
	GlobalSection(ProjectConfigurationPlatforms) = postSolution
		{2CCDA186-E21A-2829-E791-986FD144C626}.Debug|Any CPU.ActiveCfg = Debug|Any CPU
		{2CCDA186-E21A-2829-E791-986FD144C626}.Debug|Any CPU.Build.0 = Debug|Any CPU
		{2CCDA186-E21A-2829-E791-986FD144C626}.Release|Any CPU.ActiveCfg = Release|Any CPU
		{2CCDA186-E21A-2829-E791-986FD144C626}.Release|Any CPU.Build.0 = Release|Any CPU
	EndGlobalSection
	GlobalSection(SolutionProperties) = preSolution
		HideSolutionNode = FALSE
	EndGlobalSection
	GlobalSection(ExtensibilityGlobals) = postSolution
		SolutionGuid = {00996582-5611-441A-84E8-32DD8A594EE6}
	EndGlobalSection
EndGlobal
